
Microsoft Visual Studio Solution File, Format Version 12.00
# Visual Studio for Mac
Project("{FAE04EC0-301F-11D3-BF4B-00C04F79EFBC}") = "Assembly-CSharp", "Assembly-CSharp.csproj", "{A83F1760-B1BD-C1A7-F948-4D2457D637A7}"
EndProject
Project("{FAE04EC0-301F-11D3-BF4B-00C04F79EFBC}") = "Assembly-CSharp-Editor", "Assembly-CSharp-Editor.csproj", "{73DAAA2D-5FA5-1B75-2D37-1E2CD123B778}"
EndProject
Global
	GlobalSection(SolutionConfigurationPlatforms) = preSolution
		Debug|Any CPU = Debug|Any CPU
		Release|Any CPU = Release|Any CPU
	EndGlobalSection
	GlobalSection(ProjectConfigurationPlatforms) = postSolution
		{A83F1760-B1BD-C1A7-F948-4D2457D637A7}.Debug|Any CPU.ActiveCfg = Debug|Any CPU
		{A83F1760-B1BD-C1A7-F948-4D2457D637A7}.Debug|Any CPU.Build.0 = Debug|Any CPU
		{A83F1760-B1BD-C1A7-F948-4D2457D637A7}.Release|Any CPU.ActiveCfg = Release|Any CPU
		{A83F1760-B1BD-C1A7-F948-4D2457D637A7}.Release|Any CPU.Build.0 = Release|Any CPU
		{73DAAA2D-5FA5-1B75-2D37-1E2CD123B778}.Debug|Any CPU.ActiveCfg = Debug|Any CPU
		{73DAAA2D-5FA5-1B75-2D37-1E2CD123B778}.Debug|Any CPU.Build.0 = Debug|Any CPU
		{73DAAA2D-5FA5-1B75-2D37-1E2CD123B778}.Release|Any CPU.ActiveCfg = Release|Any CPU
		{73DAAA2D-5FA5-1B75-2D37-1E2CD123B778}.Release|Any CPU.Build.0 = Release|Any CPU
	EndGlobalSection
	GlobalSection(SolutionProperties) = preSolution
		HideSolutionNode = FALSE
	EndGlobalSection
EndGlobal
